
Microsoft Visual Studio Solution File, Format Version 12.00
# Visual Studio Version 17
VisualStudioVersion = 17.8.34309.116
MinimumVisualStudioVersion = 10.0.40219.1
Project("{9A19103F-16F7-4668-BE54-9A1E7A4F7556}") = "PushNotification.Client", "PushNotification.Client\PushNotification.Client.csproj", "{C7F65323-6637-4187-A2C9-571C8CA71C62}"
EndProject
Project("{9A19103F-16F7-4668-BE54-9A1E7A4F7556}") = "PushNotification.Server", "PushNotification.Server\PushNotification.Server.csproj", "{3A225DE7-5A7E-4208-86EC-73929C73F77F}"
EndProject
Project("{9A19103F-16F7-4668-BE54-9A1E7A4F7556}") = "PushNotification.Console", "PushNotification.Console\PushNotification.Console.csproj", "{2E6C61F8-2FB9-4DB8-B59C-8B83CFC9CDA0}"
EndProject
Global
	GlobalSection(SolutionConfigurationPlatforms) = preSolution
		Debug|Any CPU = Debug|Any CPU
		Release|Any CPU = Release|Any CPU
	EndGlobalSection
	GlobalSection(ProjectConfigurationPlatforms) = postSolution
		{C7F65323-6637-4187-A2C9-571C8CA71C62}.Debug|Any CPU.ActiveCfg = Debug|Any CPU
		{C7F65323-6637-4187-A2C9-571C8CA71C62}.Debug|Any CPU.Build.0 = Debug|Any CPU
		{C7F65323-6637-4187-A2C9-571C8CA71C62}.Release|Any CPU.ActiveCfg = Release|Any CPU
		{C7F65323-6637-4187-A2C9-571C8CA71C62}.Release|Any CPU.Build.0 = Release|Any CPU
		{3A225DE7-5A7E-4208-86EC-73929C73F77F}.Debug|Any CPU.ActiveCfg = Debug|Any CPU
		{3A225DE7-5A7E-4208-86EC-73929C73F77F}.Debug|Any CPU.Build.0 = Debug|Any CPU
		{3A225DE7-5A7E-4208-86EC-73929C73F77F}.Release|Any CPU.ActiveCfg = Release|Any CPU
		{3A225DE7-5A7E-4208-86EC-73929C73F77F}.Release|Any CPU.Build.0 = Release|Any CPU
		{2E6C61F8-2FB9-4DB8-B59C-8B83CFC9CDA0}.Debug|Any CPU.ActiveCfg = Debug|Any CPU
		{2E6C61F8-2FB9-4DB8-B59C-8B83CFC9CDA0}.Debug|Any CPU.Build.0 = Debug|Any CPU
		{2E6C61F8-2FB9-4DB8-B59C-8B83CFC9CDA0}.Release|Any CPU.ActiveCfg = Release|Any CPU
		{2E6C61F8-2FB9-4DB8-B59C-8B83CFC9CDA0}.Release|Any CPU.Build.0 = Release|Any CPU
	EndGlobalSection
	GlobalSection(SolutionProperties) = preSolution
		HideSolutionNode = FALSE
	EndGlobalSection
	GlobalSection(ExtensibilityGlobals) = postSolution
		SolutionGuid = {B1552E1B-A3B7-4C1A-92F4-784FCE50F60A}
	EndGlobalSection
EndGlobal
